{
  "requires": true,
  "lockfileVersion": 1,
  "dependencies": {
    "any-hooks": {
      "version": "1.0.1",
      "resolved": "https://registry.npmjs.org/any-hooks/-/any-hooks-1.0.1.tgz",
      "integrity": "sha512-R2N2gxvIoHBFfKGrg6zA5GhFXkq40U84q8NLmaZb8BzBH1/xzTT3PpsVle4/JqRToTjpkZ/PIZ5PCYjWL4adtQ=="
    }
  }
}
